
Microsoft Visual Studio Solution File, Format Version 12.00
# Visual Studio Version 16
VisualStudioVersion = 16.0.30621.155
MinimumVisualStudioVersion = 10.0.40219.1
Project("{9A19103F-16F7-4668-BE54-9A1E7A4F7556}") = "Tetris_Wpf", "Tetris_Wpf.csproj", "{4AA6E17F-7840-4585-89F9-785902CA235C}"
EndProject
Project("{9A19103F-16F7-4668-BE54-9A1E7A4F7556}") = "TetrisGameModelTest", "..\TetrisGameModelTest\TetrisGameModelTest.csproj", "{865A1A8D-77C1-4117-A83F-AB2756671D94}"
EndProject
Global
	GlobalSection(SolutionConfigurationPlatforms) = preSolution
		Debug|Any CPU = Debug|Any CPU
		Release|Any CPU = Release|Any CPU
	EndGlobalSection
	GlobalSection(ProjectConfigurationPlatforms) = postSolution
		{4AA6E17F-7840-4585-89F9-785902CA235C}.Debug|Any CPU.ActiveCfg = Debug|Any CPU
		{4AA6E17F-7840-4585-89F9-785902CA235C}.Debug|Any CPU.Build.0 = Debug|Any CPU
		{4AA6E17F-7840-4585-89F9-785902CA235C}.Release|Any CPU.ActiveCfg = Release|Any CPU
		{4AA6E17F-7840-4585-89F9-785902CA235C}.Release|Any CPU.Build.0 = Release|Any CPU
		{865A1A8D-77C1-4117-A83F-AB2756671D94}.Debug|Any CPU.ActiveCfg = Debug|Any CPU
		{865A1A8D-77C1-4117-A83F-AB2756671D94}.Debug|Any CPU.Build.0 = Debug|Any CPU
		{865A1A8D-77C1-4117-A83F-AB2756671D94}.Release|Any CPU.ActiveCfg = Release|Any CPU
		{865A1A8D-77C1-4117-A83F-AB2756671D94}.Release|Any CPU.Build.0 = Release|Any CPU
	EndGlobalSection
	GlobalSection(SolutionProperties) = preSolution
		HideSolutionNode = FALSE
	EndGlobalSection
	GlobalSection(ExtensibilityGlobals) = postSolution
		SolutionGuid = {097F079B-471E-40B8-8A19-4701E0AEAF12}
	EndGlobalSection
EndGlobal
